
Microsoft Visual Studio Solution File, Format Version 12.00
# Visual Studio Version 17
VisualStudioVersion = 17.2.32519.379
MinimumVisualStudioVersion = 10.0.40219.1
Project("{9A19103F-16F7-4668-BE54-9A1E7A4F7556}") = "OARPriorityRemapper", "OARPriorityRemapper\OARPriorityRemapper.csproj", "{7724582D-0B6F-4944-89E8-9856C60716A7}"
EndProject
Project("{9A19103F-16F7-4668-BE54-9A1E7A4F7556}") = "OARPriorityReader", "OARPriorityReader\OARPriorityReader.csproj", "{D3CEA2DE-3179-473A-A02B-30032713A9A5}"
EndProject
Project("{FAE04EC0-301F-11D3-BF4B-00C04F79EFBC}") = "OARPriorityGlobalLibrary", "OARPriorityGlobalLibrary\OARPriorityGlobalLibrary.csproj", "{7BA73570-46BE-4CD6-AE00-094E54EEA574}"
EndProject
Global
	GlobalSection(SolutionConfigurationPlatforms) = preSolution
		Debug|Any CPU = Debug|Any CPU
		Release|Any CPU = Release|Any CPU
	EndGlobalSection
	GlobalSection(ProjectConfigurationPlatforms) = postSolution
		{7724582D-0B6F-4944-89E8-9856C60716A7}.Debug|Any CPU.ActiveCfg = Debug|Any CPU
		{7724582D-0B6F-4944-89E8-9856C60716A7}.Debug|Any CPU.Build.0 = Debug|Any CPU
		{7724582D-0B6F-4944-89E8-9856C60716A7}.Release|Any CPU.ActiveCfg = Release|Any CPU
		{7724582D-0B6F-4944-89E8-9856C60716A7}.Release|Any CPU.Build.0 = Release|Any CPU
		{D3CEA2DE-3179-473A-A02B-30032713A9A5}.Debug|Any CPU.ActiveCfg = Debug|Any CPU
		{D3CEA2DE-3179-473A-A02B-30032713A9A5}.Debug|Any CPU.Build.0 = Debug|Any CPU
		{D3CEA2DE-3179-473A-A02B-30032713A9A5}.Release|Any CPU.ActiveCfg = Release|Any CPU
		{D3CEA2DE-3179-473A-A02B-30032713A9A5}.Release|Any CPU.Build.0 = Release|Any CPU
		{7BA73570-46BE-4CD6-AE00-094E54EEA574}.Debug|Any CPU.ActiveCfg = Debug|Any CPU
		{7BA73570-46BE-4CD6-AE00-094E54EEA574}.Debug|Any CPU.Build.0 = Debug|Any CPU
		{7BA73570-46BE-4CD6-AE00-094E54EEA574}.Release|Any CPU.ActiveCfg = Release|Any CPU
		{7BA73570-46BE-4CD6-AE00-094E54EEA574}.Release|Any CPU.Build.0 = Release|Any CPU
	EndGlobalSection
	GlobalSection(SolutionProperties) = preSolution
		HideSolutionNode = FALSE
	EndGlobalSection
	GlobalSection(ExtensibilityGlobals) = postSolution
		SolutionGuid = {92A8C4E3-87C3-47B6-B3B1-B326152A6D21}
	EndGlobalSection
EndGlobal
